{
  "name": "dfinity_project",
  "version": "1.0.0",
  "lockfileVersion": 3,
  "requires": true,
  "packages": {
    "": {
      "name": "dfinity_project",
      "version": "1.0.0",
      "license": "ISC",
      "dependencies": {
        "@dfinity/agent": "^0.15.6",
        "@dfinity/candid": "^0.15.6",
        "@swc/core": "^1.3.78",
        "azle": "0.16.2",
        "uuid": "^9.0.0"
      },
      "devDependencies": {
        "@types/uuid": "^9.0.1"
      },
      "engines": {
        "node": "^12 || ^14 || ^16 || ^18"
      }
    },
    "node_modules/@cspotcode/source-map-consumer": {
      "version": "0.8.0",
      "license": "BSD-3-Clause",
      "engines": {
        "node": ">= 12"
      }
    },
    "node_modules/@cspotcode/source-map-support": {
      "version": "0.8.1",
      "license": "MIT",
      "dependencies": {
        "@jridgewell/trace-mapping": "0.3.9"
      },
      "engines": {
        "node": ">=12"
      }
    },
    "node_modules/@dfinity/agent": {
      "version": "0.15.7",
      "license": "Apache-2.0",
      "dependencies": {
        "base64-arraybuffer": "^0.2.0",
        "bignumber.js": "^9.0.0",
        "borc": "^2.1.1",
        "js-sha256": "0.9.0",
        "simple-cbor": "^0.4.1",
        "ts-node": "^10.8.2"
      },
      "peerDependencies": {
        "@dfinity/candid": "^0.15.7",
        "@dfinity/principal": "^0.15.7"
      }
    },
    "node_modules/@dfinity/candid": {
      "version": "0.15.7",
      "license": "Apache-2.0",
      "dependencies": {
        "ts-node": "^10.8.2"
      }
    },
    "node_modules/@dfinity/principal": {
      "version": "0.15.7",
      "license": "Apache-2.0",
      "peer": true,
      "dependencies": {
        "js-sha256": "^0.9.0",
        "ts-node": "^10.8.2"
      }
    },
    "node_modules/@jridgewell/resolve-uri": {
      "version": "3.1.1",
      "license": "MIT",
      "engines": {
        "node": ">=6.0.0"
      }
    },
    "node_modules/@jridgewell/sourcemap-codec": {
      "version": "1.4.15",
      "license": "MIT"
    },
    "node_modules/@jridgewell/trace-mapping": {
      "version": "0.3.9",
      "license": "MIT",
      "dependencies": {
        "@jridgewell/resolve-uri": "^3.0.3",
        "@jridgewell/sourcemap-codec": "^1.4.10"
      }
    },
    "node_modules/@swc/core": {
      "version": "1.3.78",
      "resolved": "https://registry.npmjs.org/@swc/core/-/core-1.3.78.tgz",
      "integrity": "sha512-y6DQP571v7fbUUY7nz5G4lNIRGofuO48K5pGhD9VnuOCTuptfooCdi8wnigIrIhM/M4zQ53m/YCMDCbOtDgEww==",
      "hasInstallScript": true,
      "engines": {
        "node": ">=10"
      },
      "funding": {
        "type": "opencollective",
        "url": "https://opencollective.com/swc"
      },
      "optionalDependencies": {
        "@swc/core-darwin-arm64": "1.3.78",
        "@swc/core-darwin-x64": "1.3.78",
        "@swc/core-linux-arm-gnueabihf": "1.3.78",
        "@swc/core-linux-arm64-gnu": "1.3.78",
        "@swc/core-linux-arm64-musl": "1.3.78",
        "@swc/core-linux-x64-gnu": "1.3.78",
        "@swc/core-linux-x64-musl": "1.3.78",
        "@swc/core-win32-arm64-msvc": "1.3.78",
        "@swc/core-win32-ia32-msvc": "1.3.78",
        "@swc/core-win32-x64-msvc": "1.3.78"
      },
      "peerDependencies": {
        "@swc/helpers": "^0.5.0"
      },
      "peerDependenciesMeta": {
        "@swc/helpers": {
          "optional": true
        }
      }
    },
    "node_modules/@swc/core-android-arm-eabi": {
      "version": "1.2.151",
      "resolved": "https://registry.npmjs.org/@swc/core-android-arm-eabi/-/core-android-arm-eabi-1.2.151.tgz",
      "integrity": "sha512-Suk3IcHdha33K4hq9tfBCwkXJsENh7kjXCseLqL8Yvy8QobqkXjf1fcoJxX9BdCmPwsKmIw0ZgCBYR+Hl83M2w==",
      "cpu": [
        "arm"
      ],
      "optional": true,
      "os": [
        "android"
      ],
      "engines": {
        "node": ">=10"
      }
    },
    "node_modules/@swc/core-android-arm64": {
      "version": "1.2.151",
      "resolved": "https://registry.npmjs.org/@swc/core-android-arm64/-/core-android-arm64-1.2.151.tgz",
      "integrity": "sha512-HZVy69dVWT5RgrMJMRK5aiicPmhzkyCHAexApYAHYLgAIhsxL7uoAIPmuRKRkrKNJjrwsWL7H27bBH5bddRDvg==",
      "cpu": [
        "arm64"
      ],
      "optional": true,
      "os": [
        "android"
      ],
      "engines": {
        "node": ">=10"
      }
    },
    "node_modules/@swc/core-darwin-arm64": {
      "version": "1.3.78",
      "resolved": "https://registry.npmjs.org/@swc/core-darwin-arm64/-/core-darwin-arm64-1.3.78.tgz",
      "integrity": "sha512-596KRua/d5Gx1buHKKchSyHuwoIL4S1BRD/wCvYNLNZ3xOzcuBBmXOjrDVigKi1ztNDeS07p30RO5UyYur0XAA==",
      "cpu": [
        "arm64"
      ],
      "optional": true,
      "os": [
        "darwin"
      ],
      "engines": {
        "node": ">=10"
      }
    },
    "node_modules/@swc/core-darwin-x64": {
      "version": "1.3.78",
      "resolved": "https://registry.npmjs.org/@swc/core-darwin-x64/-/core-darwin-x64-1.3.78.tgz",
      "integrity": "sha512-w0RsD1onQAj0vuLAoOVi48HgnW6D6oBEIZP17l0HYejCDBZ+FRZLjml7wgNAWMqHcd2qNRqgtZ+v7aLza2JtBQ==",
      "cpu": [
        "x64"
      ],
      "optional": true,
      "os": [
        "darwin"
      ],
      "engines": {
        "node": ">=10"
      }
    },
    "node_modules/@swc/core-freebsd-x64": {
      "version": "1.2.151",
      "resolved": "https://registry.npmjs.org/@swc/core-freebsd-x64/-/core-freebsd-x64-1.2.151.tgz",
      "integrity": "sha512-WVIRiDzuz+/W7BMjVtg1Cmk1+zmDT18Qq+Ygr9J6aFQ1JQUkLEE1pvtkGD3JIEa6Jhz/VwM6AFHtY5o1CrZ21w==",
      "cpu": [
        "x64"
      ],
      "optional": true,
      "os": [
        "freebsd"
      ],
      "engines": {
        "node": ">=10"
      }
    },
    "node_modules/@swc/core-linux-arm-gnueabihf": {
      "version": "1.3.78",
      "resolved": "https://registry.npmjs.org/@swc/core-linux-arm-gnueabihf/-/core-linux-arm-gnueabihf-1.3.78.tgz",
      "integrity": "sha512-v1CpRn+H6fha1WIqmdRvJM40pFdjUHrGfhf4Ygci72nlAU41l5XimN8Iwkm8FgIwf2wnv0lLzedSM4IHvpq/yA==",
      "cpu": [
        "arm"
      ],
      "optional": true,
      "os": [
        "linux"
      ],
      "engines": {
        "node": ">=10"
      }
    },
    "node_modules/@swc/core-linux-arm64-gnu": {
      "version": "1.3.78",
      "resolved": "https://registry.npmjs.org/@swc/core-linux-arm64-gnu/-/core-linux-arm64-gnu-1.3.78.tgz",
      "integrity": "sha512-Sis17dz9joJRFVvR/gteOZSUNrrrioo81RQzani0Zr5ZZOfWLMTB9DA+0MVlfnVa2taYcsJHJZFoAv9JkLwbzg==",
      "cpu": [
        "arm64"
      ],
      "optional": true,
      "os": [
        "linux"
      ],
      "engines": {
        "node": ">=10"
      }
    },
    "node_modules/@swc/core-linux-arm64-musl": {
      "version": "1.3.78",
      "resolved": "https://registry.npmjs.org/@swc/core-linux-arm64-musl/-/core-linux-arm64-musl-1.3.78.tgz",
      "integrity": "sha512-E5F8/qp+QupnfBnsP4vN1PKyCmAHYHDG1GMyPE/zLFOUYLgw+jK4C9rfyLBR0o2bWo1ay2WCIjusBZD9XHGOSA==",
      "cpu": [
        "arm64"
      ],
      "optional": true,
      "os": [
        "linux"
      ],
      "engines": {
        "node": ">=10"
      }
    },
    "node_modules/@swc/core-linux-x64-gnu": {
      "version": "1.3.78",
      "resolved": "https://registry.npmjs.org/@swc/core-linux-x64-gnu/-/core-linux-x64-gnu-1.3.78.tgz",
      "integrity": "sha512-iDxa+RknnTQlyy+WfPor1FM6y44ERNI2E0xiUV6gV6uPwegCngi8LFC+E7IvP6+p+yXtAkesunAaiZ8nn0s+rw==",
      "cpu": [
        "x64"
      ],
      "optional": true,
      "os": [
        "linux"
      ],
      "engines": {
        "node": ">=10"
      }
    },
    "node_modules/@swc/core-linux-x64-musl": {
      "version": "1.3.78",
      "resolved": "https://registry.npmjs.org/@swc/core-linux-x64-musl/-/core-linux-x64-musl-1.3.78.tgz",
      "integrity": "sha512-dWtIYUFL5sMTE2UKshkXTusHcK8+zAhhGzvqWq1wJS45pqTlrAbzpyqB780fle880x3A6DMitWmsAFARdNzpuQ==",
      "cpu": [
        "x64"
      ],
      "optional": true,
      "os": [
        "linux"
      ],
      "engines": {
        "node": ">=10"
      }
    },
    "node_modules/@swc/core-win32-arm64-msvc": {
      "version": "1.3.78",
      "resolved": "https://registry.npmjs.org/@swc/core-win32-arm64-msvc/-/core-win32-arm64-msvc-1.3.78.tgz",
      "integrity": "sha512-CXFaGEc2M9Su3UoUMC8AnzKb9g+GwPxXfakLWZsjwS448h6jcreExq3nwtBNdVGzQ26xqeVLMFfb1l/oK99Hwg==",
      "cpu": [
        "arm64"
      ],
      "optional": true,
      "os": [
        "win32"
      ],
      "engines": {
        "node": ">=10"
      }
    },
    "node_modules/@swc/core-win32-ia32-msvc": {
      "version": "1.3.78",
      "resolved": "https://registry.npmjs.org/@swc/core-win32-ia32-msvc/-/core-win32-ia32-msvc-1.3.78.tgz",
      "integrity": "sha512-FaH1jwWnJpWkdImpMoiZpMg9oy9UUyZwltzN7hFwjR48e3Li82cRFb+9PifIBHCUSBM+CrrsJXbHP213IMVAyw==",
      "cpu": [
        "ia32"
      ],
      "optional": true,
      "os": [
        "win32"
      ],
      "engines": {
        "node": ">=10"
      }
    },
    "node_modules/@swc/core-win32-x64-msvc": {
      "version": "1.3.78",
      "resolved": "https://registry.npmjs.org/@swc/core-win32-x64-msvc/-/core-win32-x64-msvc-1.3.78.tgz",
      "integrity": "sha512-oYxa+tPdhlx1aH14AIoF6kvVjo49tEOW0drNqoEaVHufvgH0y43QU2Jum3b2+xXztmMRtzK2CSN3GPOAXDKKKg==",
      "cpu": [
        "x64"
      ],
      "optional": true,
      "os": [
        "win32"
      ],
      "engines": {
        "node": ">=10"
      }
    },
    "node_modules/@tsconfig/node10": {
      "version": "1.0.9",
      "license": "MIT"
    },
    "node_modules/@tsconfig/node12": {
      "version": "1.0.11",
      "license": "MIT"
    },
    "node_modules/@tsconfig/node14": {
      "version": "1.0.3",
      "license": "MIT"
    },
    "node_modules/@tsconfig/node16": {
      "version": "1.0.4",
      "license": "MIT"
    },
    "node_modules/@types/node": {
      "version": "20.5.4",
      "license": "MIT",
      "peer": true
    },
    "node_modules/@types/uuid": {
      "version": "9.0.2",
      "dev": true,
      "license": "MIT"
    },
    "node_modules/acorn": {
      "version": "8.10.0",
      "license": "MIT",
      "bin": {
        "acorn": "bin/acorn"
      },
      "engines": {
        "node": ">=0.4.0"
      }
    },
    "node_modules/acorn-walk": {
      "version": "8.2.0",
      "license": "MIT",
      "engines": {
        "node": ">=0.4.0"
      }
    },
    "node_modules/arg": {
      "version": "4.1.3",
      "license": "MIT"
    },
    "node_modules/azle": {
      "version": "0.16.2",
      "license": "MIT",
      "dependencies": {
        "@dfinity/principal": "0.11.2",
        "@swc/core": "1.2.151",
        "azle-syn": "0.0.0",
        "esbuild": "0.14.25",
        "fs-extra": "10.0.1",
        "js-sha256": "0.9.0",
        "ts-node": "10.3.1",
        "typescript": "4.4.4"
      },
      "bin": {
        "azle": "bin.js"
      }
    },
    "node_modules/azle-syn": {
      "version": "0.0.0"
    },
    "node_modules/azle/node_modules/@cspotcode/source-map-support": {
      "version": "0.7.0",
      "license": "MIT",
      "dependencies": {
        "@cspotcode/source-map-consumer": "0.8.0"
      },
      "engines": {
        "node": ">=12"
      }
    },
    "node_modules/azle/node_modules/@dfinity/principal": {
      "version": "0.11.2",
      "license": "Apache-2.0"
    },
    "node_modules/azle/node_modules/@swc/core": {
      "version": "1.2.151",
      "resolved": "https://registry.npmjs.org/@swc/core/-/core-1.2.151.tgz",
      "integrity": "sha512-oHgqKwK/Djv765zUHPiGqfMCaKIxXTgQyyCUBKLBQfAJwe/7FVobQ2fghBp4FsZA/NE1LZBmMPpRZNQwlGjeHw==",
      "bin": {
        "swcx": "run_swcx.js"
      },
      "engines": {
        "node": ">=10"
      },
      "funding": {
        "type": "opencollective",
        "url": "https://opencollective.com/swc"
      },
      "optionalDependencies": {
        "@swc/core-android-arm-eabi": "1.2.151",
        "@swc/core-android-arm64": "1.2.151",
        "@swc/core-darwin-arm64": "1.2.151",
        "@swc/core-darwin-x64": "1.2.151",
        "@swc/core-freebsd-x64": "1.2.151",
        "@swc/core-linux-arm-gnueabihf": "1.2.151",
        "@swc/core-linux-arm64-gnu": "1.2.151",
        "@swc/core-linux-arm64-musl": "1.2.151",
        "@swc/core-linux-x64-gnu": "1.2.151",
        "@swc/core-linux-x64-musl": "1.2.151",
        "@swc/core-win32-arm64-msvc": "1.2.151",
        "@swc/core-win32-ia32-msvc": "1.2.151",
        "@swc/core-win32-x64-msvc": "1.2.151"
      }
    },
    "node_modules/azle/node_modules/@swc/core-darwin-arm64": {
      "version": "1.2.151",
      "resolved": "https://registry.npmjs.org/@swc/core-darwin-arm64/-/core-darwin-arm64-1.2.151.tgz",
      "integrity": "sha512-Ql7rXMu+IC76TemRtkt+opl5iSpX2ApAXVSfvf6afNVTrfTKLpDwiR3ySRRlG0FnNIv6TfOCJpHf655xp01S/g==",
      "cpu": [
        "arm64"
      ],
      "optional": true,
      "os": [
        "darwin"
      ],
      "engines": {
        "node": ">=10"
      }
    },
    "node_modules/azle/node_modules/@swc/core-darwin-x64": {
      "version": "1.2.151",
      "resolved": "https://registry.npmjs.org/@swc/core-darwin-x64/-/core-darwin-x64-1.2.151.tgz",
      "integrity": "sha512-N1OBIB7xatR5eybLo91ZhvMJMxT0zxRQURV/a9I8o5CyP4iLd1k8gmrYvBbtj08ohS8F9z7k/dFjxk/9ve5Drw==",
      "cpu": [
        "x64"
      ],
      "optional": true,
      "os": [
        "darwin"
      ],
      "engines": {
        "node": ">=10"
      }
    },
    "node_modules/azle/node_modules/@swc/core-linux-arm-gnueabihf": {
      "version": "1.2.151",
      "resolved": "https://registry.npmjs.org/@swc/core-linux-arm-gnueabihf/-/core-linux-arm-gnueabihf-1.2.151.tgz",
      "integrity": "sha512-pfBrIUwu3cR/M7DzDCUJAw9jFKXvJ/Ge8auFk07lRb+JcDnPm0XxLyrLqGvNQWdcHgXeXfmnS4fMQxdb9GUN1w==",
      "cpu": [
        "arm"
      ],
      "optional": true,
      "os": [
        "linux"
      ],
      "engines": {
        "node": ">=10"
      }
    },
    "node_modules/azle/node_modules/@swc/core-linux-arm64-gnu": {
      "version": "1.2.151",
      "resolved": "https://registry.npmjs.org/@swc/core-linux-arm64-gnu/-/core-linux-arm64-gnu-1.2.151.tgz",
      "integrity": "sha512-M+BTkTdPY7gteM+0dYz9wrU/j9taL4ccqPEHkDEKP21lS24y99UtuKsvdBLzDm/6ShBVLFAkgIBPu5cEb7y6ig==",
      "cpu": [
        "arm64"
      ],
      "optional": true,
      "os": [
        "linux"
      ],
      "engines": {
        "node": ">=10"
      }
    },
    "node_modules/azle/node_modules/@swc/core-linux-arm64-musl": {
      "version": "1.2.151",
      "resolved": "https://registry.npmjs.org/@swc/core-linux-arm64-musl/-/core-linux-arm64-musl-1.2.151.tgz",
      "integrity": "sha512-7A+yTtSvPJVwO8X1cxUbD/PVCx8G9MKn83G9pH/r+9sQMBXqxyw6/NR0DG6nMMiyOmJkmYWgh5mO47BN7WC4dQ==",
      "cpu": [
        "arm64"
      ],
      "optional": true,
      "os": [
        "linux"
      ],
      "engines": {
        "node": ">=10"
      }
    },
    "node_modules/azle/node_modules/@swc/core-linux-x64-gnu": {
      "version": "1.2.151",
      "resolved": "https://registry.npmjs.org/@swc/core-linux-x64-gnu/-/core-linux-x64-gnu-1.2.151.tgz",
      "integrity": "sha512-ORlbN3wf1w0IQGjGToYYC/hV/Vwfcs88Ohfxc4X+IQaw/VxKG6/XT65c0btK640F2TVhvhH1MbYFJJlsycsW7g==",
      "cpu": [
        "x64"
      ],
      "optional": true,
      "os": [
        "linux"
      ],
      "engines": {
        "node": ">=10"
      }
    },
    "node_modules/azle/node_modules/@swc/core-linux-x64-musl": {
      "version": "1.2.151",
      "resolved": "https://registry.npmjs.org/@swc/core-linux-x64-musl/-/core-linux-x64-musl-1.2.151.tgz",
      "integrity": "sha512-r6odKE3+9+ReVdnNTZnICt5tscyFFtP4GFcmPQzBSlVoD9LZX6O4WeOlFXn77rVK/+205n2ag/KkKgZH+vdPuQ==",
      "cpu": [
        "x64"
      ],
      "optional": true,
      "os": [
        "linux"
      ],
      "engines": {
        "node": ">=10"
      }
    },
    "node_modules/azle/node_modules/@swc/core-win32-arm64-msvc": {
      "version": "1.2.151",
      "resolved": "https://registry.npmjs.org/@swc/core-win32-arm64-msvc/-/core-win32-arm64-msvc-1.2.151.tgz",
      "integrity": "sha512-jnjJTNHpLhBaPwRgiKv1TdrMljL88ePqMCdVMantyd7yl4lP0D2e5/xR9ysR9S4EGcUnOyo9w8WUYhx/TioMZw==",
      "cpu": [
        "arm64"
      ],
      "optional": true,
      "os": [
        "win32"
      ],
      "engines": {
        "node": ">=10"
      }
    },
    "node_modules/azle/node_modules/@swc/core-win32-ia32-msvc": {
      "version": "1.2.151",
      "resolved": "https://registry.npmjs.org/@swc/core-win32-ia32-msvc/-/core-win32-ia32-msvc-1.2.151.tgz",
      "integrity": "sha512-hSCxAiyDDXKvdUExj4jSIhzWFePqoqak1qdNUjlhEhEinDG8T8PTRCLalyW6fqZDcLf6Tqde7H79AqbfhRlYGQ==",
      "cpu": [
        "ia32"
      ],
      "optional": true,
      "os": [
        "win32"
      ],
      "engines": {
        "node": ">=10"
      }
    },
    "node_modules/azle/node_modules/@swc/core-win32-x64-msvc": {
      "version": "1.2.151",
      "resolved": "https://registry.npmjs.org/@swc/core-win32-x64-msvc/-/core-win32-x64-msvc-1.2.151.tgz",
      "integrity": "sha512-HOkqcJWCChps83Maj0M5kifPDuZ2sGPqpLM67poawspTFkBh0QJ9TMmxW1doQw+74cqsTpRi1ewr/KhsN18i5g==",
      "cpu": [
        "x64"
      ],
      "optional": true,
      "os": [
        "win32"
      ],
      "engines": {
        "node": ">=10"
      }
    },
    "node_modules/azle/node_modules/ts-node": {
      "version": "10.3.1",
      "license": "MIT",
      "dependencies": {
        "@cspotcode/source-map-support": "0.7.0",
        "@tsconfig/node10": "^1.0.7",
        "@tsconfig/node12": "^1.0.7",
        "@tsconfig/node14": "^1.0.0",
        "@tsconfig/node16": "^1.0.2",
        "acorn": "^8.4.1",
        "acorn-walk": "^8.1.1",
        "arg": "^4.1.0",
        "create-require": "^1.1.0",
        "diff": "^4.0.1",
        "make-error": "^1.1.1",
        "yn": "3.1.1"
      },
      "bin": {
        "ts-node": "dist/bin.js",
        "ts-node-cwd": "dist/bin-cwd.js",
        "ts-node-script": "dist/bin-script.js",
        "ts-node-transpile-only": "dist/bin-transpile.js",
        "ts-script": "dist/bin-script-deprecated.js"
      },
      "peerDependencies": {
        "@swc/core": ">=1.2.50",
        "@swc/wasm": ">=1.2.50",
        "@types/node": "*",
        "typescript": ">=2.7"
      },
      "peerDependenciesMeta": {
        "@swc/core": {
          "optional": true
        },
        "@swc/wasm": {
          "optional": true
        }
      }
    },
    "node_modules/azle/node_modules/typescript": {
      "version": "4.4.4",
      "license": "Apache-2.0",
      "bin": {
        "tsc": "bin/tsc",
        "tsserver": "bin/tsserver"
      },
      "engines": {
        "node": ">=4.2.0"
      }
    },
    "node_modules/base64-arraybuffer": {
      "version": "0.2.0",
      "engines": {
        "node": ">= 0.6.0"
      }
    },
    "node_modules/base64-js": {
      "version": "1.5.1",
      "funding": [
        {
          "type": "github",
          "url": "https://github.com/sponsors/feross"
        },
        {
          "type": "patreon",
          "url": "https://www.patreon.com/feross"
        },
        {
          "type": "consulting",
          "url": "https://feross.org/support"
        }
      ],
      "license": "MIT"
    },
    "node_modules/bignumber.js": {
      "version": "9.1.1",
      "license": "MIT",
      "engines": {
        "node": "*"
      }
    },
    "node_modules/borc": {
      "version": "2.1.2",
      "license": "MIT",
      "dependencies": {
        "bignumber.js": "^9.0.0",
        "buffer": "^5.5.0",
        "commander": "^2.15.0",
        "ieee754": "^1.1.13",
        "iso-url": "~0.4.7",
        "json-text-sequence": "~0.1.0",
        "readable-stream": "^3.6.0"
      },
      "engines": {
        "node": ">=4"
      }
    },
    "node_modules/buffer": {
      "version": "5.7.1",
      "funding": [
        {
          "type": "github",
          "url": "https://github.com/sponsors/feross"
        },
        {
          "type": "patreon",
          "url": "https://www.patreon.com/feross"
        },
        {
          "type": "consulting",
          "url": "https://feross.org/support"
        }
      ],
      "license": "MIT",
      "dependencies": {
        "base64-js": "^1.3.1",
        "ieee754": "^1.1.13"
      }
    },
    "node_modules/commander": {
      "version": "2.20.3",
      "license": "MIT"
    },
    "node_modules/create-require": {
      "version": "1.1.1",
      "license": "MIT"
    },
    "node_modules/delimit-stream": {
      "version": "0.1.0",
      "license": "BSD-2-Clause"
    },
    "node_modules/diff": {
      "version": "4.0.2",
      "license": "BSD-3-Clause",
      "engines": {
        "node": ">=0.3.1"
      }
    },
    "node_modules/esbuild": {
      "version": "0.14.25",
      "hasInstallScript": true,
      "license": "MIT",
      "bin": {
        "esbuild": "bin/esbuild"
      },
      "engines": {
        "node": ">=12"
      },
      "optionalDependencies": {
        "esbuild-android-64": "0.14.25",
        "esbuild-android-arm64": "0.14.25",
        "esbuild-darwin-64": "0.14.25",
        "esbuild-darwin-arm64": "0.14.25",
        "esbuild-freebsd-64": "0.14.25",
        "esbuild-freebsd-arm64": "0.14.25",
        "esbuild-linux-32": "0.14.25",
        "esbuild-linux-64": "0.14.25",
        "esbuild-linux-arm": "0.14.25",
        "esbuild-linux-arm64": "0.14.25",
        "esbuild-linux-mips64le": "0.14.25",
        "esbuild-linux-ppc64le": "0.14.25",
        "esbuild-linux-riscv64": "0.14.25",
        "esbuild-linux-s390x": "0.14.25",
        "esbuild-netbsd-64": "0.14.25",
        "esbuild-openbsd-64": "0.14.25",
        "esbuild-sunos-64": "0.14.25",
        "esbuild-windows-32": "0.14.25",
        "esbuild-windows-64": "0.14.25",
        "esbuild-windows-arm64": "0.14.25"
      }
    },
    "node_modules/esbuild-windows-64": {
      "version": "0.14.25",
      "cpu": [
        "x64"
      ],
      "license": "MIT",
      "optional": true,
      "os": [
        "win32"
      ],
      "engines": {
        "node": ">=12"
      }
    },
    "node_modules/fs-extra": {
      "version": "10.0.1",
      "license": "MIT",
      "dependencies": {
        "graceful-fs": "^4.2.0",
        "jsonfile": "^6.0.1",
        "universalify": "^2.0.0"
      },
      "engines": {
        "node": ">=12"
      }
    },
    "node_modules/graceful-fs": {
      "version": "4.2.11",
      "license": "ISC"
    },
    "node_modules/ieee754": {
      "version": "1.2.1",
      "funding": [
        {
          "type": "github",
          "url": "https://github.com/sponsors/feross"
        },
        {
          "type": "patreon",
          "url": "https://www.patreon.com/feross"
        },
        {
          "type": "consulting",
          "url": "https://feross.org/support"
        }
      ],
      "license": "BSD-3-Clause"
    },
    "node_modules/inherits": {
      "version": "2.0.4",
      "license": "ISC"
    },
    "node_modules/iso-url": {
      "version": "0.4.7",
      "license": "MIT",
      "engines": {
        "node": ">=10"
      }
    },
    "node_modules/js-sha256": {
      "version": "0.9.0",
      "license": "MIT"
    },
    "node_modules/json-text-sequence": {
      "version": "0.1.1",
      "license": "MIT",
      "dependencies": {
        "delimit-stream": "0.1.0"
      }
    },
    "node_modules/jsonfile": {
      "version": "6.1.0",
      "license": "MIT",
      "dependencies": {
        "universalify": "^2.0.0"
      },
      "optionalDependencies": {
        "graceful-fs": "^4.1.6"
      }
    },
    "node_modules/make-error": {
      "version": "1.3.6",
      "license": "ISC"
    },
    "node_modules/readable-stream": {
      "version": "3.6.2",
      "license": "MIT",
      "dependencies": {
        "inherits": "^2.0.3",
        "string_decoder": "^1.1.1",
        "util-deprecate": "^1.0.1"
      },
      "engines": {
        "node": ">= 6"
      }
    },
    "node_modules/safe-buffer": {
      "version": "5.2.1",
      "funding": [
        {
          "type": "github",
          "url": "https://github.com/sponsors/feross"
        },
        {
          "type": "patreon",
          "url": "https://www.patreon.com/feross"
        },
        {
          "type": "consulting",
          "url": "https://feross.org/support"
        }
      ],
      "license": "MIT"
    },
    "node_modules/simple-cbor": {
      "version": "0.4.1",
      "license": "ISC"
    },
    "node_modules/string_decoder": {
      "version": "1.3.0",
      "license": "MIT",
      "dependencies": {
        "safe-buffer": "~5.2.0"
      }
    },
    "node_modules/ts-node": {
      "version": "10.9.1",
      "license": "MIT",
      "dependencies": {
        "@cspotcode/source-map-support": "^0.8.0",
        "@tsconfig/node10": "^1.0.7",
        "@tsconfig/node12": "^1.0.7",
        "@tsconfig/node14": "^1.0.0",
        "@tsconfig/node16": "^1.0.2",
        "acorn": "^8.4.1",
        "acorn-walk": "^8.1.1",
        "arg": "^4.1.0",
        "create-require": "^1.1.0",
        "diff": "^4.0.1",
        "make-error": "^1.1.1",
        "v8-compile-cache-lib": "^3.0.1",
        "yn": "3.1.1"
      },
      "bin": {
        "ts-node": "dist/bin.js",
        "ts-node-cwd": "dist/bin-cwd.js",
        "ts-node-esm": "dist/bin-esm.js",
        "ts-node-script": "dist/bin-script.js",
        "ts-node-transpile-only": "dist/bin-transpile.js",
        "ts-script": "dist/bin-script-deprecated.js"
      },
      "peerDependencies": {
        "@swc/core": ">=1.2.50",
        "@swc/wasm": ">=1.2.50",
        "@types/node": "*",
        "typescript": ">=2.7"
      },
      "peerDependenciesMeta": {
        "@swc/core": {
          "optional": true
        },
        "@swc/wasm": {
          "optional": true
        }
      }
    },
    "node_modules/typescript": {
      "version": "5.2.2",
      "license": "Apache-2.0",
      "peer": true,
      "bin": {
        "tsc": "bin/tsc",
        "tsserver": "bin/tsserver"
      },
      "engines": {
        "node": ">=14.17"
      }
    },
    "node_modules/universalify": {
      "version": "2.0.0",
      "license": "MIT",
      "engines": {
        "node": ">= 10.0.0"
      }
    },
    "node_modules/util-deprecate": {
      "version": "1.0.2",
      "license": "MIT"
    },
    "node_modules/uuid": {
      "version": "9.0.0",
      "license": "MIT",
      "bin": {
        "uuid": "dist/bin/uuid"
      }
    },
    "node_modules/v8-compile-cache-lib": {
      "version": "3.0.1",
      "license": "MIT"
    },
    "node_modules/yn": {
      "version": "3.1.1",
      "license": "MIT",
      "engines": {
        "node": ">=6"
      }
    }
  }
}
